
Microsoft Visual Studio Solution File, Format Version 12.00
# Visual Studio Version 16
VisualStudioVersion = 16.0.30320.27
MinimumVisualStudioVersion = 10.0.40219.1
Project("{8BC9CEB8-8B4A-11D0-8D11-00A0C91BC942}") = "proj37.3", "proj37.3\proj37.3.vcxproj", "{A16A660F-0D49-413A-A4A0-370CBE68C371}"
EndProject
Global
	GlobalSection(SolutionConfigurationPlatforms) = preSolution
		Debug|x64 = Debug|x64
		Debug|x86 = Debug|x86
		Release|x64 = Release|x64
		Release|x86 = Release|x86
	EndGlobalSection
	GlobalSection(ProjectConfigurationPlatforms) = postSolution
		{A16A660F-0D49-413A-A4A0-370CBE68C371}.Debug|x64.ActiveCfg = Debug|x64
		{A16A660F-0D49-413A-A4A0-370CBE68C371}.Debug|x64.Build.0 = Debug|x64
		{A16A660F-0D49-413A-A4A0-370CBE68C371}.Debug|x86.ActiveCfg = Debug|Win32
		{A16A660F-0D49-413A-A4A0-370CBE68C371}.Debug|x86.Build.0 = Debug|Win32
		{A16A660F-0D49-413A-A4A0-370CBE68C371}.Release|x64.ActiveCfg = Release|x64
		{A16A660F-0D49-413A-A4A0-370CBE68C371}.Release|x64.Build.0 = Release|x64
		{A16A660F-0D49-413A-A4A0-370CBE68C371}.Release|x86.ActiveCfg = Release|Win32
		{A16A660F-0D49-413A-A4A0-370CBE68C371}.Release|x86.Build.0 = Release|Win32
	EndGlobalSection
	GlobalSection(SolutionProperties) = preSolution
		HideSolutionNode = FALSE
	EndGlobalSection
	GlobalSection(ExtensibilityGlobals) = postSolution
		SolutionGuid = {F8E0A17A-C3D4-4853-AABC-70C4F11F7BA6}
	EndGlobalSection
EndGlobal
